
Microsoft Visual Studio Solution File, Format Version 12.00
# Visual Studio 2012
Project("{FAE04EC0-301F-11D3-BF4B-00C04F79EFBC}") = "Mastodon.API", "Mastodon.API\Mastodon.API.csproj", "{BBF68570-AF0D-4440-85C4-0094876580BF}"
EndProject
Project("{FAE04EC0-301F-11D3-BF4B-00C04F79EFBC}") = "Mastodon.API.Tests", "Mastodon.API.Tests\Mastodon.API.Tests.csproj", "{080A956E-17EC-444C-9716-205E11D7B4D9}"
EndProject
Global
	GlobalSection(SolutionConfigurationPlatforms) = preSolution
		Debug|Any CPU = Debug|Any CPU
		Release|Any CPU = Release|Any CPU
	EndGlobalSection
	GlobalSection(ProjectConfigurationPlatforms) = postSolution
		{BBF68570-AF0D-4440-85C4-0094876580BF}.Debug|Any CPU.ActiveCfg = Debug|Any CPU
		{BBF68570-AF0D-4440-85C4-0094876580BF}.Debug|Any CPU.Build.0 = Debug|Any CPU
		{BBF68570-AF0D-4440-85C4-0094876580BF}.Release|Any CPU.ActiveCfg = Release|Any CPU
		{BBF68570-AF0D-4440-85C4-0094876580BF}.Release|Any CPU.Build.0 = Release|Any CPU
		{080A956E-17EC-444C-9716-205E11D7B4D9}.Debug|Any CPU.ActiveCfg = Debug|Any CPU
		{080A956E-17EC-444C-9716-205E11D7B4D9}.Debug|Any CPU.Build.0 = Debug|Any CPU
		{080A956E-17EC-444C-9716-205E11D7B4D9}.Release|Any CPU.ActiveCfg = Release|Any CPU
		{080A956E-17EC-444C-9716-205E11D7B4D9}.Release|Any CPU.Build.0 = Release|Any CPU
	EndGlobalSection
	GlobalSection(MonoDevelopProperties) = preSolution
		Policies = $0
		$0.TextStylePolicy = $1
		$1.FileWidth = 500
		$1.TabWidth = 2
		$1.IndentWidth = 2
		$1.NoTabsAfterNonTabs = True
		$1.inheritsSet = VisualStudio
		$1.inheritsScope = text/plain
		$1.scope = application/json
	EndGlobalSection
EndGlobal
